
Microsoft Visual Studio Solution File, Format Version 12.00
# Visual Studio Version 17
VisualStudioVersion = 17.1.32210.238
MinimumVisualStudioVersion = 10.0.40219.1
Project("{FAE04EC0-301F-11D3-BF4B-00C04F79EFBC}") = "rdf", "rdf.csproj", "{AF9CA4CD-A5F8-4398-9485-8D229EF400BD}"
EndProject
Global
	GlobalSection(SolutionConfigurationPlatforms) = preSolution
		Debug|Any CPU = Debug|Any CPU
		Release|Any CPU = Release|Any CPU
	EndGlobalSection
	GlobalSection(ProjectConfigurationPlatforms) = postSolution
		{AF9CA4CD-A5F8-4398-9485-8D229EF400BD}.Debug|Any CPU.ActiveCfg = Debug|Any CPU
		{AF9CA4CD-A5F8-4398-9485-8D229EF400BD}.Debug|Any CPU.Build.0 = Debug|Any CPU
		{AF9CA4CD-A5F8-4398-9485-8D229EF400BD}.Release|Any CPU.ActiveCfg = Release|Any CPU
		{AF9CA4CD-A5F8-4398-9485-8D229EF400BD}.Release|Any CPU.Build.0 = Release|Any CPU
	EndGlobalSection
	GlobalSection(SolutionProperties) = preSolution
		HideSolutionNode = FALSE
	EndGlobalSection
	GlobalSection(ExtensibilityGlobals) = postSolution
		SolutionGuid = {8655B8AB-74A6-4590-9859-9669F861F51F}
	EndGlobalSection
EndGlobal
